
Microsoft Visual Studio Solution File, Format Version 12.00
# Visual Studio Version 17
VisualStudioVersion = 17.10.34928.147
MinimumVisualStudioVersion = 10.0.40219.1
Project("{FAE04EC0-301F-11D3-BF4B-00C04F79EFBC}") = "Fow41", "Fow41\Fow41.csproj", "{59288865-6D5F-45FA-A3E3-0918B5076A75}"
EndProject
Project("{FAE04EC0-301F-11D3-BF4B-00C04F79EFBC}") = "Fow42", "Fow42\Fow42.csproj", "{1F4AB331-50E9-4C7B-AE38-8EE1BA06A37B}"
EndProject
Project("{FAE04EC0-301F-11D3-BF4B-00C04F79EFBC}") = "Fow43", "Fow43\Fow43.csproj", "{6D3CCCAA-625C-49BA-8F6D-CBA54A95B6D5}"
EndProject
Project("{FAE04EC0-301F-11D3-BF4B-00C04F79EFBC}") = "Fow44", "Fow44\Fow44.csproj", "{37A92BDD-0B9C-447B-B8F4-9A5577E9411C}"
EndProject
Project("{FAE04EC0-301F-11D3-BF4B-00C04F79EFBC}") = "Fow45", "Fow45\Fow45.csproj", "{FC5E29E1-F128-4420-80F8-4757521328D3}"
EndProject
Global
	GlobalSection(SolutionConfigurationPlatforms) = preSolution
		Debug|Any CPU = Debug|Any CPU
		Release|Any CPU = Release|Any CPU
	EndGlobalSection
	GlobalSection(ProjectConfigurationPlatforms) = postSolution
		{59288865-6D5F-45FA-A3E3-0918B5076A75}.Debug|Any CPU.ActiveCfg = Debug|Any CPU
		{59288865-6D5F-45FA-A3E3-0918B5076A75}.Debug|Any CPU.Build.0 = Debug|Any CPU
		{59288865-6D5F-45FA-A3E3-0918B5076A75}.Release|Any CPU.ActiveCfg = Release|Any CPU
		{59288865-6D5F-45FA-A3E3-0918B5076A75}.Release|Any CPU.Build.0 = Release|Any CPU
		{1F4AB331-50E9-4C7B-AE38-8EE1BA06A37B}.Debug|Any CPU.ActiveCfg = Debug|Any CPU
		{1F4AB331-50E9-4C7B-AE38-8EE1BA06A37B}.Debug|Any CPU.Build.0 = Debug|Any CPU
		{1F4AB331-50E9-4C7B-AE38-8EE1BA06A37B}.Release|Any CPU.ActiveCfg = Release|Any CPU
		{1F4AB331-50E9-4C7B-AE38-8EE1BA06A37B}.Release|Any CPU.Build.0 = Release|Any CPU
		{6D3CCCAA-625C-49BA-8F6D-CBA54A95B6D5}.Debug|Any CPU.ActiveCfg = Debug|Any CPU
		{6D3CCCAA-625C-49BA-8F6D-CBA54A95B6D5}.Debug|Any CPU.Build.0 = Debug|Any CPU
		{6D3CCCAA-625C-49BA-8F6D-CBA54A95B6D5}.Release|Any CPU.ActiveCfg = Release|Any CPU
		{6D3CCCAA-625C-49BA-8F6D-CBA54A95B6D5}.Release|Any CPU.Build.0 = Release|Any CPU
		{37A92BDD-0B9C-447B-B8F4-9A5577E9411C}.Debug|Any CPU.ActiveCfg = Debug|Any CPU
		{37A92BDD-0B9C-447B-B8F4-9A5577E9411C}.Debug|Any CPU.Build.0 = Debug|Any CPU
		{37A92BDD-0B9C-447B-B8F4-9A5577E9411C}.Release|Any CPU.ActiveCfg = Release|Any CPU
		{37A92BDD-0B9C-447B-B8F4-9A5577E9411C}.Release|Any CPU.Build.0 = Release|Any CPU
		{FC5E29E1-F128-4420-80F8-4757521328D3}.Debug|Any CPU.ActiveCfg = Debug|Any CPU
		{FC5E29E1-F128-4420-80F8-4757521328D3}.Debug|Any CPU.Build.0 = Debug|Any CPU
		{FC5E29E1-F128-4420-80F8-4757521328D3}.Release|Any CPU.ActiveCfg = Release|Any CPU
		{FC5E29E1-F128-4420-80F8-4757521328D3}.Release|Any CPU.Build.0 = Release|Any CPU
	EndGlobalSection
	GlobalSection(SolutionProperties) = preSolution
		HideSolutionNode = FALSE
	EndGlobalSection
	GlobalSection(ExtensibilityGlobals) = postSolution
		SolutionGuid = {3B957A7D-BC6E-48CC-A98C-6AFF8DBB0327}
	EndGlobalSection
EndGlobal
